Microsoft Visual Studio Solution File, Format Version 7.00
Project("{8BC9CEB8-8B4A-11D0-8D11-00A0C91BC942}") = "Apollo", "Apollo.vcproj", "{999EEF9E-0EE7-4FF2-A7B8-1DE89BDF5175}"
EndProject
Global
	GlobalSection(SolutionConfiguration) = preSolution
		ConfigName.0 = Debug
		ConfigName.1 = NoOpt
		ConfigName.2 = Release
	EndGlobalSection
	GlobalSection(ProjectDependencies) = postSolution
	EndGlobalSection
	GlobalSection(ProjectConfiguration) = postSolution
		{999EEF9E-0EE7-4FF2-A7B8-1DE89BDF5175}.Debug.ActiveCfg = Debug|Win32
		{999EEF9E-0EE7-4FF2-A7B8-1DE89BDF5175}.Debug.Build.0 = Debug|Win32
		{999EEF9E-0EE7-4FF2-A7B8-1DE89BDF5175}.NoOpt.ActiveCfg = Release|Win32
		{999EEF9E-0EE7-4FF2-A7B8-1DE89BDF5175}.NoOpt.Build.0 = Release|Win32
		{999EEF9E-0EE7-4FF2-A7B8-1DE89BDF5175}.Release.ActiveCfg = Debug|Win32
		{999EEF9E-0EE7-4FF2-A7B8-1DE89BDF5175}.Release.Build.0 = Debug|Win32
	EndGlobalSection
	GlobalSection(ExtensibilityGlobals) = postSolution
	EndGlobalSection
	GlobalSection(ExtensibilityAddIns) = postSolution
	EndGlobalSection
EndGlobal
